// !$*UTF8*$!
{
	archiveVersion = 1;
	classes = {
	};
	objectVersion = 56;
	objects = {

/* Begin PBXBuildFile section */
		8DEC7DDF2B693C8200723A9D /* MySparTestCaseApp.swift in Sources */ = {isa = PBXBuildFile; fileRef = 8DEC7DDE2B693C8200723A9D /* MySparTestCaseApp.swift */; };
		8DEC7DE12B693C8200723A9D /* CharacteristicItemView.swift in Sources */ = {isa = PBXBuildFile; fileRef = 8DEC7DE02B693C8200723A9D /* CharacteristicItemView.swift */; };
		8DEC7DE32B693C8300723A9D /* Assets.xcassets in Resources */ = {isa = PBXBuildFile; fileRef = 8DEC7DE22B693C8300723A9D /* Assets.xcassets */; };
		8DEC7DE62B693C8300723A9D /* Preview Assets.xcassets in Resources */ = {isa = PBXBuildFile; fileRef = 8DEC7DE52B693C8300723A9D /* Preview Assets.xcassets */; };
		8DEC7DED2B693CA800723A9D /* DotterSpacer.swift in Sources */ = {isa = PBXBuildFile; fileRef = 8DEC7DEC2B693CA800723A9D /* DotterSpacer.swift */; };
		8DEC7DEF2B694A8300723A9D /* HomeView.swift in Sources */ = {isa = PBXBuildFile; fileRef = 8DEC7DEE2B694A8300723A9D /* HomeView.swift */; };
		8DEC7DF42B694C2400723A9D /* DiscountShapeBackground.swift in Sources */ = {isa = PBXBuildFile; fileRef = 8DEC7DF32B694C2400723A9D /* DiscountShapeBackground.swift */; };
		8DEC7DF62B6982EF00723A9D /* ReviewsProductItemView.swift in Sources */ = {isa = PBXBuildFile; fileRef = 8DEC7DF52B6982EF00723A9D /* ReviewsProductItemView.swift */; };
		8DEC7DF82B69944C00723A9D /* MainView.swift in Sources */ = {isa = PBXBuildFile; fileRef = 8DEC7DF72B69944C00723A9D /* MainView.swift */; };
		8DEC7DFA2B69ABBD00723A9D /* CustomTabs.swift in Sources */ = {isa = PBXBuildFile; fileRef = 8DEC7DF92B69ABBD00723A9D /* CustomTabs.swift */; };
/* End PBXBuildFile section */

/* Begin PBXFileReference section */
		8DEC7DDB2B693C8200723A9D /* MySparTestCase.app */ = {isa = PBXFileReference; explicitFileType = wrapper.application; includeInIndex = 0; path = MySparTestCase.app; sourceTree = BUILT_PRODUCTS_DIR; };
		8DEC7DDE2B693C8200723A9D /* MySparTestCaseApp.swift */ = {isa = PBXFileReference; lastKnownFileType = sourcecode.swift; path = MySparTestCaseApp.swift; sourceTree = "<group>"; };
		8DEC7DE02B693C8200723A9D /* CharacteristicItemView.swift */ = {isa = PBXFileReference; lastKnownFileType = sourcecode.swift; path = CharacteristicItemView.swift; sourceTree = "<group>"; };
		8DEC7DE22B693C8300723A9D /* Assets.xcassets */ = {isa = PBXFileReference; lastKnownFileType = folder.assetcatalog; path = Assets.xcassets; sourceTree = "<group>"; };
		8DEC7DE52B693C8300723A9D /* Preview Assets.xcassets */ = {isa = PBXFileReference; lastKnownFileType = folder.assetcatalog; path = "Preview Assets.xcassets"; sourceTree = "<group>"; };
		8DEC7DEC2B693CA800723A9D /* DotterSpacer.swift */ = {isa = PBXFileReference; lastKnownFileType = sourcecode.swift; path = DotterSpacer.swift; sourceTree = "<group>"; };
		8DEC7DEE2B694A8300723A9D /* HomeView.swift */ = {isa = PBXFileReference; lastKnownFileType = sourcecode.swift; path = HomeView.swift; sourceTree = "<group>"; };
		8DEC7DF32B694C2400723A9D /* DiscountShapeBackground.swift */ = {isa = PBXFileReference; lastKnownFileType = sourcecode.swift; path = DiscountShapeBackground.swift; sourceTree = "<group>"; };
		8DEC7DF52B6982EF00723A9D /* ReviewsProductItemView.swift */ = {isa = PBXFileReference; lastKnownFileType = sourcecode.swift; path = ReviewsProductItemView.swift; sourceTree = "<group>"; };
		8DEC7DF72B69944C00723A9D /* MainView.swift */ = {isa = PBXFileReference; lastKnownFileType = sourcecode.swift; path = MainView.swift; sourceTree = "<group>"; };
		8DEC7DF92B69ABBD00723A9D /* CustomTabs.swift */ = {isa = PBXFileReference; lastKnownFileType = sourcecode.swift; path = CustomTabs.swift; sourceTree = "<group>"; };
/* End PBXFileReference section */

/* Begin PBXFrameworksBuildPhase section */
		8DEC7DD82B693C8200723A9D /* Frameworks */ = {
			isa = PBXFrameworksBuildPhase;
			buildActionMask = 2147483647;
			files = (
			);
			runOnlyForDeploymentPostprocessing = 0;
		};
/* End PBXFrameworksBuildPhase section */

/* Begin PBXGroup section */
		8DEC7DD22B693C8200723A9D = {
			isa = PBXGroup;
			children = (
				8DEC7DDD2B693C8200723A9D /* MySparTestCase */,
				8DEC7DDC2B693C8200723A9D /* Products */,
			);
			sourceTree = "<group>";
		};
		8DEC7DDC2B693C8200723A9D /* Products */ = {
			isa = PBXGroup;
			children = (
				8DEC7DDB2B693C8200723A9D /* MySparTestCase.app */,
			);
			name = Products;
			sourceTree = "<group>";
		};
		8DEC7DDD2B693C8200723A9D /* MySparTestCase */ = {
			isa = PBXGroup;
			children = (
				8DEC7DF12B694B4000723A9D /* Views */,
				8DEC7DF02B694A9200723A9D /* Components */,
				8DEC7DDE2B693C8200723A9D /* MySparTestCaseApp.swift */,
				8DEC7DE22B693C8300723A9D /* Assets.xcassets */,
				8DEC7DE42B693C8300723A9D /* Preview Content */,
			);
			path = MySparTestCase;
			sourceTree = "<group>";
		};
		8DEC7DE42B693C8300723A9D /* Preview Content */ = {
			isa = PBXGroup;
			children = (
				8DEC7DE52B693C8300723A9D /* Preview Assets.xcassets */,
			);
			path = "Preview Content";
			sourceTree = "<group>";
		};
		8DEC7DF02B694A9200723A9D /* Components */ = {
			isa = PBXGroup;
			children = (
				8DEC7DE02B693C8200723A9D /* CharacteristicItemView.swift */,
				8DEC7DEC2B693CA800723A9D /* DotterSpacer.swift */,
				8DEC7DF32B694C2400723A9D /* DiscountShapeBackground.swift */,
				8DEC7DF52B6982EF00723A9D /* ReviewsProductItemView.swift */,
				8DEC7DF92B69ABBD00723A9D /* CustomTabs.swift */,
			);
			path = Components;
			sourceTree = "<group>";
		};
		8DEC7DF12B694B4000723A9D /* Views */ = {
			isa = PBXGroup;
			children = (
				8DEC7DEE2B694A8300723A9D /* HomeView.swift */,
				8DEC7DF72B69944C00723A9D /* MainView.swift */,
			);
			path = Views;
			sourceTree = "<group>";
		};
/* End PBXGroup section */

/* Begin PBXNativeTarget section */
		8DEC7DDA2B693C8200723A9D /* MySparTestCase */ = {
			isa = PBXNativeTarget;
			buildConfigurationList = 8DEC7DE92B693C8300723A9D /* Build configuration list for PBXNativeTarget "MySparTestCase" */;
			buildPhases = (
				8DEC7DD72B693C8200723A9D /* Sources */,
				8DEC7DD82B693C8200723A9D /* Frameworks */,
				8DEC7DD92B693C8200723A9D /* Resources */,
			);
			buildRules = (
			);
			dependencies = (
			);
			name = MySparTestCase;
			productName = MySparTestCase;
			productReference = 8DEC7DDB2B693C8200723A9D /* MySparTestCase.app */;
			productType = "com.apple.product-type.application";
		};
/* End PBXNativeTarget section */

/* Begin PBXProject section */
		8DEC7DD32B693C8200723A9D /* Project object */ = {
			isa = PBXProject;
			attributes = {
				BuildIndependentTargetsInParallel = 1;
				LastSwiftUpdateCheck = 1520;
				LastUpgradeCheck = 1520;
				TargetAttributes = {
					8DEC7DDA2B693C8200723A9D = {
						CreatedOnToolsVersion = 15.2;
					};
				};
			};
			buildConfigurationList = 8DEC7DD62B693C8200723A9D /* Build configuration list for PBXProject "MySparTestCase" */;
			compatibilityVersion = "Xcode 14.0";
			developmentRegion = en;
			hasScannedForEncodings = 0;
			knownRegions = (
				en,
				Base,
			);
			mainGroup = 8DEC7DD22B693C8200723A9D;
			productRefGroup = 8DEC7DDC2B693C8200723A9D /* Products */;
			projectDirPath = "";
			projectRoot = "";
			targets = (
				8DEC7DDA2B693C8200723A9D /* MySparTestCase */,
			);
		};
/* End PBXProject section */

/* Begin PBXResourcesBuildPhase section */
		8DEC7DD92B693C8200723A9D /* Resources */ = {
			isa = PBXResourcesBuildPhase;
			buildActionMask = 2147483647;
			files = (
				8DEC7DE62B693C8300723A9D /* Preview Assets.xcassets in Resources */,
				8DEC7DE32B693C8300723A9D /* Assets.xcassets in Resources */,
			);
			runOnlyForDeploymentPostprocessing = 0;
		};
/* End PBXResourcesBuildPhase section */

/* Begin PBXSourcesBuildPhase section */
		8DEC7DD72B693C8200723A9D /* Sources */ = {
			isa = PBXSourcesBuildPhase;
			buildActionMask = 2147483647;
			files = (
				8DEC7DFA2B69ABBD00723A9D /* CustomTabs.swift in Sources */,
				8DEC7DF42B694C2400723A9D /* DiscountShapeBackground.swift in Sources */,
				8DEC7DF82B69944C00723A9D /* MainView.swift in Sources */,
				8DEC7DE12B693C8200723A9D /* CharacteristicItemView.swift in Sources */,
				8DEC7DEF2B694A8300723A9D /* HomeView.swift in Sources */,
				8DEC7DDF2B693C8200723A9D /* MySparTestCaseApp.swift in Sources */,
				8DEC7DED2B693CA800723A9D /* DotterSpacer.swift in Sources */,
				8DEC7DF62B6982EF00723A9D /* ReviewsProductItemView.swift in Sources */,
			);
			runOnlyForDeploymentPostprocessing = 0;
		};
/* End PBXSourcesBuildPhase section */

/* Begin XCBuildConfiguration section */
		8DEC7DE72B693C8300723A9D /* Debug */ = {
			isa = XCBuildConfiguration;
			buildSettings = {
				ALWAYS_SEARCH_USER_PATHS = NO;
				ASSETCATALOG_COMPILER_GENERATE_SWIFT_ASSET_SYMBOL_EXTENSIONS = YES;
				CLANG_ANALYZER_NONNULL = YES;
				CLANG_ANALYZER_NUMBER_OBJECT_CONVERSION = YES_AGGRESSIVE;
				CLANG_CXX_LANGUAGE_STANDARD = "gnu++20";
				CLANG_ENABLE_MODULES = YES;
				CLANG_ENABLE_OBJC_ARC = YES;
				CLANG_ENABLE_OBJC_WEAK = YES;
				CLANG_WARN_BLOCK_CAPTURE_AUTORELEASING = YES;
				CLANG_WARN_BOOL_CONVERSION = YES;
				CLANG_WARN_COMMA = YES;
				CLANG_WARN_CONSTANT_CONVERSION = YES;
				CLANG_WARN_DEPRECATED_OBJC_IMPLEMENTATIONS = YES;
				CLANG_WARN_DIRECT_OBJC_ISA_USAGE = YES_ERROR;
				CLANG_WARN_DOCUMENTATION_COMMENTS = YES;
				CLANG_WARN_EMPTY_BODY = YES;
				CLANG_WARN_ENUM_CONVERSION = YES;
				CLANG_WARN_INFINITE_RECURSION = YES;
				CLANG_WARN_INT_CONVERSION = YES;
				CLANG_WARN_NON_LITERAL_NULL_CONVERSION = YES;
				CLANG_WARN_OBJC_IMPLICIT_RETAIN_SELF = YES;
				CLANG_WARN_OBJC_LITERAL_CONVERSION = YES;
				CLANG_WARN_OBJC_ROOT_CLASS = YES_ERROR;
				CLANG_WARN_QUOTED_INCLUDE_IN_FRAMEWORK_HEADER = YES;
				CLANG_WARN_RANGE_LOOP_ANALYSIS = YES;
				CLANG_WARN_STRICT_PROTOTYPES = YES;
				CLANG_WARN_SUSPICIOUS_MOVE = YES;
				CLANG_WARN_UNGUARDED_AVAILABILITY = YES_AGGRESSIVE;
				CLANG_WARN_UNREACHABLE_CODE = YES;
				CLANG_WARN__DUPLICATE_METHOD_MATCH = YES;
				COPY_PHASE_STRIP = NO;
				DEBUG_INFORMATION_FORMAT = dwarf;
				ENABLE_STRICT_OBJC_MSGSEND = YES;
				ENABLE_TESTABILITY = YES;
				ENABLE_USER_SCRIPT_SANDBOXING = YES;
				GCC_C_LANGUAGE_STANDARD = gnu17;
				GCC_DYNAMIC_NO_PIC = NO;
				GCC_NO_COMMON_BLOCKS = YES;
				GCC_OPTIMIZATION_LEVEL = 0;
				GCC_PREPROCESSOR_DEFINITIONS = (
					"DEBUG=1",
					"$(inherited)",
				);
				GCC_WARN_64_TO_32_BIT_CONVERSION = YES;
				GCC_WARN_ABOUT_RETURN_TYPE = YES_ERROR;
				GCC_WARN_UNDECLARED_SELECTOR = YES;
				GCC_WARN_UNINITIALIZED_AUTOS = YES_AGGRESSIVE;
				GCC_WARN_UNUSED_FUNCTION = YES;
				GCC_WARN_UNUSED_VARIABLE = YES;
				IPHONEOS_DEPLOYMENT_TARGET = 17.2;
				LOCALIZATION_PREFERS_STRING_CATALOGS = YES;
				MTL_ENABLE_DEBUG_INFO = INCLUDE_SOURCE;
				MTL_FAST_MATH = YES;
				ONLY_ACTIVE_ARCH = YES;
				SDKROOT = iphoneos;
				SWIFT_ACTIVE_COMPILATION_CONDITIONS = "DEBUG $(inherited)";
				SWIFT_OPTIMIZATION_LEVEL = "-Onone";
			};
			name = Debug;
		};
		8DEC7DE82B693C8300723A9D /* Release */ = {
			isa = XCBuildConfiguration;
			buildSettings = {
				ALWAYS_SEARCH_USER_PATHS = NO;
				ASSETCATALOG_COMPILER_GENERATE_SWIFT_ASSET_SYMBOL_EXTENSIONS = YES;
				CLANG_ANALYZER_NONNULL = YES;
				CLANG_ANALYZER_NUMBER_OBJECT_CONVERSION = YES_AGGRESSIVE;
				CLANG_CXX_LANGUAGE_STANDARD = "gnu++20";
				CLANG_ENABLE_MODULES = YES;
				CLANG_ENABLE_OBJC_ARC = YES;
				CLANG_ENABLE_OBJC_WEAK = YES;
				CLANG_WARN_BLOCK_CAPTURE_AUTORELEASING = YES;
				CLANG_WARN_BOOL_CONVERSION = YES;
				CLANG_WARN_COMMA = YES;
				CLANG_WARN_CONSTANT_CONVERSION = YES;
				CLANG_WARN_DEPRECATED_OBJC_IMPLEMENTATIONS = YES;
				CLANG_WARN_DIRECT_OBJC_ISA_USAGE = YES_ERROR;
				CLANG_WARN_DOCUMENTATION_COMMENTS = YES;
				CLANG_WARN_EMPTY_BODY = YES;
				CLANG_WARN_ENUM_CONVERSION = YES;
				CLANG_WARN_INFINITE_RECURSION = YES;
				CLANG_WARN_INT_CONVERSION = YES;
				CLANG_WARN_NON_LITERAL_NULL_CONVERSION = YES;
				CLANG_WARN_OBJC_IMPLICIT_RETAIN_SELF = YES;
				CLANG_WARN_OBJC_LITERAL_CONVERSION = YES;
				CLANG_WARN_OBJC_ROOT_CLASS = YES_ERROR;
				CLANG_WARN_QUOTED_INCLUDE_IN_FRAMEWORK_HEADER = YES;
				CLANG_WARN_RANGE_LOOP_ANALYSIS = YES;
				CLANG_WARN_STRICT_PROTOTYPES = YES;
				CLANG_WARN_SUSPICIOUS_MOVE = YES;
				CLANG_WARN_UNGUARDED_AVAILABILITY = YES_AGGRESSIVE;
				CLANG_WARN_UNREACHABLE_CODE = YES;
				CLANG_WARN__DUPLICATE_METHOD_MATCH = YES;
				COPY_PHASE_STRIP = NO;
				DEBUG_INFORMATION_FORMAT = "dwarf-with-dsym";
				ENABLE_NS_ASSERTIONS = NO;
				ENABLE_STRICT_OBJC_MSGSEND = YES;
				ENABLE_USER_SCRIPT_SANDBOXING = YES;
				GCC_C_LANGUAGE_STANDARD = gnu17;
				GCC_NO_COMMON_BLOCKS = YES;
				GCC_WARN_64_TO_32_BIT_CONVERSION = YES;
				GCC_WARN_ABOUT_RETURN_TYPE = YES_ERROR;
				GCC_WARN_UNDECLARED_SELECTOR = YES;
				GCC_WARN_UNINITIALIZED_AUTOS = YES_AGGRESSIVE;
				GCC_WARN_UNUSED_FUNCTION = YES;
				GCC_WARN_UNUSED_VARIABLE = YES;
				IPHONEOS_DEPLOYMENT_TARGET = 17.2;
				LOCALIZATION_PREFERS_STRING_CATALOGS = YES;
				MTL_ENABLE_DEBUG_INFO = NO;
				MTL_FAST_MATH = YES;
				SDKROOT = iphoneos;
				SWIFT_COMPILATION_MODE = wholemodule;
				VALIDATE_PRODUCT = YES;
			};
			name = Release;
		};
		8DEC7DEA2B693C8300723A9D /* Debug */ = {
			isa = XCBuildConfiguration;
			buildSettings = {
				ASSETCATALOG_COMPILER_APPICON_NAME = AppIcon;
				ASSETCATALOG_COMPILER_GLOBAL_ACCENT_COLOR_NAME = AccentColor;
				CODE_SIGN_STYLE = Automatic;
				CURRENT_PROJECT_VERSION = 1;
				DEVELOPMENT_ASSET_PATHS = "\"MySparTestCase/Preview Content\"";
				DEVELOPMENT_TEAM = Z58TCN89AP;
				ENABLE_PREVIEWS = YES;
				GENERATE_INFOPLIST_FILE = YES;
				INFOPLIST_KEY_UIApplicationSceneManifest_Generation = YES;
				INFOPLIST_KEY_UIApplicationSupportsIndirectInputEvents = YES;
				INFOPLIST_KEY_UILaunchScreen_Generation = YES;
				INFOPLIST_KEY_UISupportedInterfaceOrientations_iPad = "UIInterfaceOrientationPortrait UIInterfaceOrientationPortraitUpsideDown UIInterfaceOrientationLandscapeLeft UIInterfaceOrientationLandscapeRight";
				INFOPLIST_KEY_UISupportedInterfaceOrientations_iPhone = "UIInterfaceOrientationPortrait UIInterfaceOrientationLandscapeLeft UIInterfaceOrientationLandscapeRight";
				IPHONEOS_DEPLOYMENT_TARGET = 14.0;
				LD_RUNPATH_SEARCH_PATHS = (
					"$(inherited)",
					"@executable_path/Frameworks",
				);
				MARKETING_VERSION = 1.0;
				PRODUCT_BUNDLE_IDENTIFIER = mrjeris.MySparTestCase;
				PRODUCT_NAME = "$(TARGET_NAME)";
				SWIFT_EMIT_LOC_STRINGS = YES;
				SWIFT_VERSION = 5.0;
				TARGETED_DEVICE_FAMILY = "1,2";
			};
			name = Debug;
		};
		8DEC7DEB2B693C8300723A9D /* Release */ = {
			isa = XCBuildConfiguration;
			buildSettings = {
				ASSETCATALOG_COMPILER_APPICON_NAME = AppIcon;
				ASSETCATALOG_COMPILER_GLOBAL_ACCENT_COLOR_NAME = AccentColor;
				CODE_SIGN_STYLE = Automatic;
				CURRENT_PROJECT_VERSION = 1;
				DEVELOPMENT_ASSET_PATHS = "\"MySparTestCase/Preview Content\"";
				DEVELOPMENT_TEAM = Z58TCN89AP;
				ENABLE_PREVIEWS = YES;
				GENERATE_INFOPLIST_FILE = YES;
				INFOPLIST_KEY_UIApplicationSceneManifest_Generation = YES;
				INFOPLIST_KEY_UIApplicationSupportsIndirectInputEvents = YES;
				INFOPLIST_KEY_UILaunchScreen_Generation = YES;
				INFOPLIST_KEY_UISupportedInterfaceOrientations_iPad = "UIInterfaceOrientationPortrait UIInterfaceOrientationPortraitUpsideDown UIInterfaceOrientationLandscapeLeft UIInterfaceOrientationLandscapeRight";
				INFOPLIST_KEY_UISupportedInterfaceOrientations_iPhone = "UIInterfaceOrientationPortrait UIInterfaceOrientationLandscapeLeft UIInterfaceOrientationLandscapeRight";
				IPHONEOS_DEPLOYMENT_TARGET = 14.0;
				LD_RUNPATH_SEARCH_PATHS = (
					"$(inherited)",
					"@executable_path/Frameworks",
				);
				MARKETING_VERSION = 1.0;
				PRODUCT_BUNDLE_IDENTIFIER = mrjeris.MySparTestCase;
				PRODUCT_NAME = "$(TARGET_NAME)";
				SWIFT_EMIT_LOC_STRINGS = YES;
				SWIFT_VERSION = 5.0;
				TARGETED_DEVICE_FAMILY = "1,2";
			};
			name = Release;
		};
/* End XCBuildConfiguration section */

/* Begin XCConfigurationList section */
		8DEC7DD62B693C8200723A9D /* Build configuration list for PBXProject "MySparTestCase" */ = {
			isa = XCConfigurationList;
			buildConfigurations = (
				8DEC7DE72B693C8300723A9D /* Debug */,
				8DEC7DE82B693C8300723A9D /* Release */,
			);
			defaultConfigurationIsVisible = 0;
			defaultConfigurationName = Release;
		};
		8DEC7DE92B693C8300723A9D /* Build configuration list for PBXNativeTarget "MySparTestCase" */ = {
			isa = XCConfigurationList;
			buildConfigurations = (
				8DEC7DEA2B693C8300723A9D /* Debug */,
				8DEC7DEB2B693C8300723A9D /* Release */,
			);
			defaultConfigurationIsVisible = 0;
			defaultConfigurationName = Release;
		};
/* End XCConfigurationList section */
	};
	rootObject = 8DEC7DD32B693C8200723A9D /* Project object */;
}
